workflow/out/midasOutput/XFA_001/species/species_profile_subject.txt
workflow/out/midasOutput/XLA_029/species/species_profile_subject.txt
workflow/out/midasOutput/XJB_029/species/species_profile.txt
workflow/out/midasOutput/XRA_036/species/species_profile.txt
workflow/out/midasOutput/XFA_029/species/species_profile_subject.txt
workflow/out/midasOutput/XLA_036/species/species_profile_subject.txt
workflow/out/midasOutput/XJB_036/species/species_profile.txt
workflow/out/midasOutput/XRA_064/species/species_profile.txt
workflow/out/midasOutput/XFA_036/species/species_profile_subject.txt
workflow/out/midasOutput/XLA_064/species/species_profile_subject.txt
workflow/out/midasOutput/XJB_064/species/species_profile.txt
workflow/out/midasOutput/XRB_002/species/species_profile.txt
workflow/out/midasOutput/XFA_064/species/species_profile_subject.txt
workflow/out/midasOutput/XLB_001/species/species_profile_subject.txt
workflow/out/midasOutput/XKA_001/species/species_profile.txt
workflow/out/midasOutput/XRB_029/species/species_profile.txt
workflow/out/midasOutput/XKA_029/species/species_profile.txt
workflow/out/midasOutput/XFB_001/species/species_profile_subject.txt
workflow/out/midasOutput/XLB_029/species/species_profile_subject.txt
workflow/out/midasOutput/XRB_036/species/species_profile.txt
workflow/out/midasOutput/XKA_036/species/species_profile.txt
workflow/out/midasOutput/XFB_029/species/species_profile_subject.txt
workflow/out/midasOutput/XLB_036/species/species_profile_subject.txt
workflow/out/midasOutput/XRB_059/species/species_profile.txt
workflow/out/midasOutput/XKA_064/species/species_profile.txt
workflow/out/midasOutput/XFB_036/species/species_profile_subject.txt
workflow/out/midasOutput/XLB_064/species/species_profile_subject.txt
workflow/out/midasOutput/XFB_064/species/species_profile_subject.txt
workflow/out/midasOutput/XMA_001/species/species_profile_subject.txt
workflow/out/midasOutput/XKB_001/species/species_profile.txt
workflow/out/midasOutput/XSA_029/species/species_profile.txt
workflow/out/midasOutput/XGA_001/species/species_profile_subject.txt
workflow/out/midasOutput/XMA_029/species/species_profile_subject.txt
workflow/out/midasOutput/XKB_029/species/species_profile.txt
workflow/out/midasOutput/XSA_036/species/species_profile.txt
workflow/out/midasOutput/XGA_029/species/species_profile_subject.txt
workflow/out/midasOutput/XMA_036/species/species_profile_subject.txt
workflow/out/midasOutput/XKB_036/species/species_profile.txt
workflow/out/midasOutput/XSA_064/species/species_profile.txt
workflow/out/midasOutput/XGA_036/species/species_profile_subject.txt
workflow/out/midasOutput/XMA_064/species/species_profile_subject.txt
workflow/out/midasOutput/XLA_001/species/species_profile.txt
workflow/out/midasOutput/XSB_001/species/species_profile.txt
workflow/out/midasOutput/XGA_064/species/species_profile_subject.txt
workflow/out/midasOutput/XMB_001/species/species_profile_subject.txt
workflow/out/midasOutput/XLA_029/species/species_profile.txt
workflow/out/midasOutput/XSB_029/species/species_profile.txt
workflow/out/midasOutput/species/species_profile_all.txt
workflow/out/midasOutput/XGB_001/species/species_profile_subject.txt
workflow/out/midasOutput/XMB_029/species/species_profile_subject.txt
workflow/out/midasOutput/XLA_036/species/species_profile.txt
workflow/out/midasOutput/XSB_036/species/species_profile.txt
workflow/out/midasOutput/XGB_029/species/species_profile_subject.txt
workflow/out/midasOutput/XMB_036/species/species_profile_subject.txt
workflow/out/midasOutput/XLA_064/species/species_profile.txt
workflow/out/midasOutput/XSB_064/species/species_profile.txt
workflow/out/midasOutput/XGB_036/species/species_profile_subject.txt
workflow/out/midasOutput/XMB_064/species/species_profile_subject.txt
workflow/out/midasOutput/XLB_001/species/species_profile.txt
workflow/out/midasOutput/XTA_001/species/species_profile.txt
workflow/out/midasOutput/XGB_064/species/species_profile_subject.txt
workflow/out/midasOutput/XNA_001/species/species_profile_subject.txt
workflow/out/midasOutput/XLB_029/species/species_profile.txt
workflow/out/midasOutput/XTA_029/species/species_profile.txt
workflow/out/midasOutput/XAA_002/species/species_profile_subject.txt
workflow/out/midasOutput/XGC_001/species/species_profile_subject.txt
workflow/out/midasOutput/XNA_029/species/species_profile_subject.txt
workflow/out/midasOutput/XLB_036/species/species_profile.txt
workflow/out/midasOutput/XTA_036/species/species_profile.txt
workflow/out/midasOutput/XAA_029/species/species_profile_subject.txt
workflow/out/midasOutput/XGC_029/species/species_profile_subject.txt
workflow/out/midasOutput/XNA_036/species/species_profile_subject.txt
workflow/out/midasOutput/XLB_064/species/species_profile.txt
workflow/out/midasOutput/XTA_064/species/species_profile.txt
workflow/out/midasOutput/XAA_036/species/species_profile_subject.txt
workflow/out/midasOutput/XGC_037/species/species_profile_subject.txt
workflow/out/midasOutput/XNA_064/species/species_profile_subject.txt
workflow/out/midasOutput/XMA_001/species/species_profile.txt
workflow/out/midasOutput/XTB_001/species/species_profile.txt
workflow/out/midasOutput/XAA_064/species/species_profile_subject.txt
workflow/out/midasOutput/XGC_064/species/species_profile_subject.txt
workflow/out/midasOutput/XNB_001/species/species_profile_subject.txt
workflow/out/midasOutput/XMA_029/species/species_profile.txt
workflow/out/midasOutput/XTB_028/species/species_profile.txt
workflow/out/midasOutput/XAC_002/species/species_profile_subject.txt
workflow/out/midasOutput/XHA_003/species/species_profile_subject.txt
workflow/out/midasOutput/XNB_029/species/species_profile_subject.txt
workflow/out/midasOutput/XMA_036/species/species_profile.txt
workflow/out/midasOutput/XTB_037/species/species_profile.txt
workflow/out/midasOutput/XAC_029/species/species_profile_subject.txt
workflow/out/midasOutput/XHA_029/species/species_profile_subject.txt
workflow/out/midasOutput/XNB_036/species/species_profile_subject.txt
workflow/out/midasOutput/XMA_064/species/species_profile.txt
workflow/out/midasOutput/XTB_065/species/species_profile.txt
workflow/out/midasOutput/XAC_036/species/species_profile_subject.txt
workflow/out/midasOutput/XHA_036/species/species_profile_subject.txt
workflow/out/midasOutput/XNB_064/species/species_profile_subject.txt
workflow/out/midasOutput/XMB_001/species/species_profile.txt
workflow/out/midasOutput/XUA_001/species/species_profile.txt
workflow/out/midasOutput/XAC_064/species/species_profile_subject.txt
workflow/out/midasOutput/XHA_064/species/species_profile_subject.txt
workflow/out/midasOutput/XOA_001/species/species_profile_subject.txt
workflow/out/midasOutput/XMB_029/species/species_profile.txt
workflow/out/midasOutput/XUA_029/species/species_profile.txt
workflow/out/midasOutput/XAD_002/species/species_profile_subject.txt
workflow/out/midasOutput/XOA_029/species/species_profile_subject.txt
workflow/out/midasOutput/XMB_036/species/species_profile.txt
workflow/out/midasOutput/XUA_036/species/species_profile.txt
workflow/out/midasOutput/XAD_029/species/species_profile_subject.txt
workflow/out/midasOutput/XHB_029/species/species_profile_subject.txt
workflow/out/midasOutput/XOA_036/species/species_profile_subject.txt
workflow/out/midasOutput/XMB_064/species/species_profile.txt
workflow/out/midasOutput/XUA_064/species/species_profile.txt
workflow/out/midasOutput/XOA_064/species/species_profile_subject.txt
workflow/out/midasOutput/XAD_036/species/species_profile_subject.txt
workflow/out/midasOutput/XHB_036/species/species_profile_subject.txt
workflow/out/midasOutput/XNA_001/species/species_profile.txt
workflow/out/midasOutput/XUB_001/species/species_profile.txt
workflow/out/midasOutput/XAD_063/species/species_profile_subject.txt
workflow/out/midasOutput/XHB_064/species/species_profile_subject.txt
workflow/out/midasOutput/XOB_001/species/species_profile_subject.txt
workflow/out/midasOutput/XNA_029/species/species_profile.txt
workflow/out/midasOutput/XUB_029/species/species_profile.txt
workflow/out/midasOutput/XBA_022/species/species_profile_subject.txt
workflow/out/midasOutput/XHC_001/species/species_profile_subject.txt
workflow/out/midasOutput/XOB_028/species/species_profile_subject.txt
workflow/out/midasOutput/XNA_036/species/species_profile.txt
workflow/out/midasOutput/XUB_036/species/species_profile.txt
workflow/out/midasOutput/XBA_029/species/species_profile_subject.txt
workflow/out/midasOutput/XHC_029/species/species_profile_subject.txt
workflow/out/midasOutput/XOB_037/species/species_profile_subject.txt
workflow/out/midasOutput/XNA_064/species/species_profile.txt
workflow/out/midasOutput/XUB_064/species/species_profile.txt
workflow/out/midasOutput/XBA_036/species/species_profile_subject.txt
workflow/out/midasOutput/XHC_036/species/species_profile_subject.txt
workflow/out/midasOutput/XOB_064/species/species_profile_subject.txt
workflow/out/midasOutput/XNB_001/species/species_profile.txt
workflow/out/midasOutput/XVA_001/species/species_profile.txt
workflow/out/midasOutput/XBA_064/species/species_profile_subject.txt
workflow/out/midasOutput/XHC_064/species/species_profile_subject.txt
workflow/out/midasOutput/XPA_002/species/species_profile_subject.txt
workflow/out/midasOutput/XNB_029/species/species_profile.txt
workflow/out/midasOutput/XVA_029/species/species_profile.txt
workflow/out/midasOutput/XBB_022/species/species_profile_subject.txt
workflow/out/midasOutput/XIA_002/species/species_profile_subject.txt
workflow/out/midasOutput/XPA_029/species/species_profile_subject.txt
workflow/out/midasOutput/XNB_036/species/species_profile.txt
workflow/out/midasOutput/XVA_036/species/species_profile.txt
workflow/out/midasOutput/XBB_029/species/species_profile_subject.txt
workflow/out/midasOutput/XIA_029/species/species_profile_subject.txt
workflow/out/midasOutput/XPA_036/species/species_profile_subject.txt
workflow/out/midasOutput/XNB_064/species/species_profile.txt
workflow/out/midasOutput/XVA_064/species/species_profile.txt
workflow/out/midasOutput/XBB_036/species/species_profile_subject.txt
workflow/out/midasOutput/XIA_036/species/species_profile_subject.txt
workflow/out/midasOutput/XPA_072/species/species_profile_subject.txt
workflow/out/midasOutput/XOA_001/species/species_profile.txt
workflow/out/midasOutput/XVB_001/species/species_profile.txt
workflow/out/midasOutput/XBB_064/species/species_profile_subject.txt
workflow/out/midasOutput/XIA_064/species/species_profile_subject.txt
workflow/out/midasOutput/XPB_001/species/species_profile_subject.txt
workflow/out/midasOutput/XOA_029/species/species_profile.txt
workflow/out/midasOutput/XOA_036/species/species_profile.txt
workflow/out/midasOutput/XVB_036/species/species_profile.txt
workflow/out/midasOutput/XCA_001/species/species_profile_subject.txt
workflow/out/midasOutput/XIB_002/species/species_profile_subject.txt
workflow/out/midasOutput/XPB_028/species/species_profile_subject.txt
workflow/out/midasOutput/XVB_064/species/species_profile.txt
workflow/out/midasOutput/XCA_028/species/species_profile_subject.txt
workflow/out/midasOutput/XOA_064/species/species_profile.txt
workflow/out/midasOutput/XIB_029/species/species_profile_subject.txt
workflow/out/midasOutput/XPB_036/species/species_profile_subject.txt
workflow/out/midasOutput/XCA_036/species/species_profile_subject.txt
workflow/out/midasOutput/XIB_036/species/species_profile_subject.txt
workflow/out/midasOutput/XPB_063/species/species_profile_subject.txt
workflow/out/midasOutput/XOB_001/species/species_profile.txt
workflow/out/midasOutput/XCA_064/species/species_profile_subject.txt
workflow/out/midasOutput/XIB_064/species/species_profile_subject.txt
workflow/out/midasOutput/XQA_001/species/species_profile_subject.txt
workflow/out/midasOutput/XOB_028/species/species_profile.txt
workflow/out/midasOutput/XCB_001/species/species_profile_subject.txt
workflow/out/midasOutput/XIC_008/species/species_profile_subject.txt
workflow/out/midasOutput/XQA_029/species/species_profile_subject.txt
workflow/out/midasOutput/XOB_037/species/species_profile.txt
workflow/out/midasOutput/XCB_029/species/species_profile_subject.txt
workflow/out/midasOutput/XIC_029/species/species_profile_subject.txt
workflow/out/midasOutput/XQA_036/species/species_profile_subject.txt
workflow/out/midasOutput/XOB_064/species/species_profile.txt
workflow/out/midasOutput/XCB_036/species/species_profile_subject.txt
workflow/out/midasOutput/XIC_036/species/species_profile_subject.txt
workflow/out/midasOutput/XQA_064/species/species_profile_subject.txt
workflow/out/midasOutput/XPA_002/species/species_profile.txt
workflow/out/midasOutput/XCB_064/species/species_profile_subject.txt
workflow/out/midasOutput/XIC_064/species/species_profile_subject.txt
workflow/out/midasOutput/XQB_001/species/species_profile_subject.txt
workflow/out/midasOutput/XPA_029/species/species_profile.txt
workflow/out/midasOutput/XDA_001/species/species_profile_subject.txt
workflow/out/midasOutput/XJA_001/species/species_profile_subject.txt
workflow/out/midasOutput/XQB_029/species/species_profile_subject.txt
workflow/out/midasOutput/XPA_036/species/species_profile.txt
workflow/out/midasOutput/XDA_029/species/species_profile_subject.txt
workflow/out/midasOutput/XJA_029/species/species_profile_subject.txt
workflow/out/midasOutput/XQB_036/species/species_profile_subject.txt
workflow/out/midasOutput/XPA_072/species/species_profile.txt
workflow/out/midasOutput/XDA_036/species/species_profile_subject.txt
workflow/out/midasOutput/XJA_036/species/species_profile_subject.txt
workflow/out/midasOutput/XQB_064/species/species_profile_subject.txt
workflow/out/midasOutput/XPB_001/species/species_profile.txt
workflow/out/midasOutput/XDA_064/species/species_profile_subject.txt
workflow/out/midasOutput/XJA_064/species/species_profile_subject.txt
workflow/out/midasOutput/XRA_001/species/species_profile_subject.txt
workflow/out/midasOutput/XPB_028/species/species_profile.txt
workflow/out/midasOutput/XDB_001/species/species_profile_subject.txt
workflow/out/midasOutput/XJB_001/species/species_profile_subject.txt
workflow/out/midasOutput/XRA_029/species/species_profile_subject.txt
workflow/out/midasOutput/XPB_036/species/species_profile.txt
workflow/out/midasOutput/XDB_029/species/species_profile_subject.txt
workflow/out/midasOutput/XJB_029/species/species_profile_subject.txt
workflow/out/midasOutput/XRA_036/species/species_profile_subject.txt
workflow/out/midasOutput/XPB_063/species/species_profile.txt
workflow/out/midasOutput/XDB_036/species/species_profile_subject.txt
workflow/out/midasOutput/XJB_036/species/species_profile_subject.txt
workflow/out/midasOutput/XRA_064/species/species_profile_subject.txt
workflow/out/midasOutput/XQA_001/species/species_profile.txt
workflow/out/midasOutput/XDB_064/species/species_profile_subject.txt
workflow/out/midasOutput/XJB_064/species/species_profile_subject.txt
workflow/out/midasOutput/XRB_002/species/species_profile_subject.txt
workflow/out/midasOutput/XQA_029/species/species_profile.txt
workflow/out/midasOutput/XEA_001/species/species_profile_subject.txt
workflow/out/midasOutput/XKA_001/species/species_profile_subject.txt
workflow/out/midasOutput/XRB_029/species/species_profile_subject.txt
workflow/out/midasOutput/XQA_036/species/species_profile.txt
workflow/out/midasOutput/XKA_029/species/species_profile_subject.txt
workflow/out/midasOutput/XEA_029/species/species_profile_subject.txt
workflow/out/midasOutput/XRB_036/species/species_profile_subject.txt
workflow/out/midasOutput/XQA_064/species/species_profile.txt
workflow/out/midasOutput/XKA_036/species/species_profile_subject.txt
workflow/out/midasOutput/XEA_036/species/species_profile_subject.txt
workflow/out/midasOutput/XRB_059/species/species_profile_subject.txt
workflow/out/midasOutput/XQB_001/species/species_profile.txt
workflow/out/midasOutput/XKA_064/species/species_profile_subject.txt
workflow/out/midasOutput/XEA_064/species/species_profile_subject.txt
workflow/out/midasOutput/XSA_001/species/species_profile_subject.txt
workflow/out/midasOutput/XQB_029/species/species_profile.txt
workflow/out/midasOutput/XEB_001/species/species_profile_subject.txt
workflow/out/midasOutput/XKB_001/species/species_profile_subject.txt
workflow/out/midasOutput/XSA_029/species/species_profile_subject.txt
workflow/out/midasOutput/XQB_036/species/species_profile.txt
workflow/out/midasOutput/XEB_029/species/species_profile_subject.txt
workflow/out/midasOutput/XKB_029/species/species_profile_subject.txt
workflow/out/midasOutput/XSA_036/species/species_profile_subject.txt
workflow/out/midasOutput/XQB_064/species/species_profile.txt
workflow/out/midasOutput/XEB_036/species/species_profile_subject.txt
workflow/out/midasOutput/XKB_036/species/species_profile_subject.txt
workflow/out/midasOutput/XSA_064/species/species_profile_subject.txt
workflow/out/midasOutput/XRA_001/species/species_profile.txt
workflow/out/midasOutput/XEB_064/species/species_profile_subject.txt
workflow/out/midasOutput/XLA_001/species/species_profile_subject.txt
workflow/out/midasOutput/XSB_001/species/species_profile_subject.txt
workflow/out/midasOutput/XRA_029/species/species_profile.txt
workflow/out/midasOutput/XSB_029/species/species_profile_subject.txt
workflow/out/midasOutput/XDB_029/species/species_profile.txt
workflow/out/midasOutput/XSB_036/species/species_profile_subject.txt
workflow/out/midasOutput/XDB_036/species/species_profile.txt
workflow/out/midasOutput/XSB_064/species/species_profile_subject.txt
workflow/out/midasOutput/XDB_064/species/species_profile.txt
workflow/out/midasOutput/XTA_001/species/species_profile_subject.txt
workflow/out/midasOutput/XEA_001/species/species_profile.txt
workflow/out/midasOutput/XTA_029/species/species_profile_subject.txt
workflow/out/midasOutput/XEA_029/species/species_profile.txt
workflow/out/midasOutput/XTA_036/species/species_profile_subject.txt
workflow/out/midasOutput/XEA_036/species/species_profile.txt
workflow/out/midasOutput/XTA_064/species/species_profile_subject.txt
workflow/out/midasOutput/XEA_064/species/species_profile.txt
workflow/out/midasOutput/XTB_001/species/species_profile_subject.txt
workflow/out/midasOutput/XEB_001/species/species_profile.txt
workflow/out/midasOutput/XTB_028/species/species_profile_subject.txt
workflow/out/midasOutput/XEB_029/species/species_profile.txt
workflow/out/midasOutput/XTB_037/species/species_profile_subject.txt
workflow/out/midasOutput/XEB_036/species/species_profile.txt
workflow/out/midasOutput/XTB_065/species/species_profile_subject.txt
workflow/out/midasOutput/XEB_064/species/species_profile.txt
workflow/out/midasOutput/XUA_001/species/species_profile_subject.txt
workflow/out/midasOutput/XFA_001/species/species_profile.txt
workflow/out/midasOutput/XUA_029/species/species_profile_subject.txt
workflow/out/midasOutput/XFA_029/species/species_profile.txt
workflow/out/midasOutput/XUA_036/species/species_profile_subject.txt
workflow/out/midasOutput/XFA_036/species/species_profile.txt
workflow/out/midasOutput/XUA_064/species/species_profile_subject.txt
workflow/out/midasOutput/XFA_064/species/species_profile.txt
workflow/out/midasOutput/XUB_001/species/species_profile_subject.txt
workflow/out/midasOutput/XFB_001/species/species_profile.txt
workflow/out/midasOutput/XUB_029/species/species_profile_subject.txt
workflow/out/midasOutput/XFB_029/species/species_profile.txt
workflow/out/midasOutput/XUB_036/species/species_profile_subject.txt
workflow/out/midasOutput/XFB_036/species/species_profile.txt
workflow/out/midasOutput/XUB_064/species/species_profile_subject.txt
workflow/out/midasOutput/XFB_064/species/species_profile.txt
workflow/out/midasOutput/XVA_001/species/species_profile_subject.txt
workflow/out/midasOutput/XGA_001/species/species_profile.txt
workflow/out/midasOutput/XVA_029/species/species_profile_subject.txt
workflow/out/midasOutput/XGA_029/species/species_profile.txt
workflow/out/midasOutput/XVA_036/species/species_profile_subject.txt
workflow/out/midasOutput/XGA_036/species/species_profile.txt
workflow/out/midasOutput/XVA_064/species/species_profile_subject.txt
workflow/out/midasOutput/XGA_064/species/species_profile.txt
workflow/out/midasOutput/XVB_001/species/species_profile_subject.txt
workflow/out/midasOutput/XGB_001/species/species_profile.txt
workflow/out/midasOutput/XGB_029/species/species_profile.txt
workflow/out/midasOutput/XVB_036/species/species_profile_subject.txt
workflow/out/midasOutput/XGB_036/species/species_profile.txt
workflow/out/midasOutput/XVB_064/species/species_profile_subject.txt
workflow/out/midasOutput/XGB_064/species/species_profile.txt
workflow/out/midasOutput/XAA_002/species/species_profile.txt
workflow/out/midasOutput/XGC_001/species/species_profile.txt
workflow/out/midasOutput/XAA_029/species/species_profile.txt
workflow/out/midasOutput/XGC_029/species/species_profile.txt
workflow/out/midasOutput/XAA_036/species/species_profile.txt
workflow/out/midasOutput/XGC_037/species/species_profile.txt
workflow/out/midasOutput/XAA_064/species/species_profile.txt
workflow/out/midasOutput/XGC_064/species/species_profile.txt
workflow/out/midasOutput/XAC_002/species/species_profile.txt
workflow/out/midasOutput/XHA_003/species/species_profile.txt
workflow/out/midasOutput/XAC_029/species/species_profile.txt
workflow/out/midasOutput/XHA_029/species/species_profile.txt
workflow/out/midasOutput/XAC_036/species/species_profile.txt
workflow/out/midasOutput/XHA_036/species/species_profile.txt
workflow/out/midasOutput/XAC_064/species/species_profile.txt
workflow/out/midasOutput/XHA_064/species/species_profile.txt
workflow/out/midasOutput/XAD_002/species/species_profile.txt
workflow/out/midasOutput/XHB_029/species/species_profile.txt
workflow/out/midasOutput/XAD_029/species/species_profile.txt
workflow/out/midasOutput/XAD_036/species/species_profile.txt
workflow/out/midasOutput/XHB_036/species/species_profile.txt
workflow/out/midasOutput/XAD_063/species/species_profile.txt
workflow/out/midasOutput/XHB_064/species/species_profile.txt
workflow/out/midasOutput/XBA_022/species/species_profile.txt
workflow/out/midasOutput/XHC_001/species/species_profile.txt
workflow/out/midasOutput/XBA_029/species/species_profile.txt
workflow/out/midasOutput/XHC_029/species/species_profile.txt
workflow/out/midasOutput/XBA_036/species/species_profile.txt
workflow/out/midasOutput/XHC_036/species/species_profile.txt
workflow/out/midasOutput/XBA_064/species/species_profile.txt
workflow/out/midasOutput/XHC_064/species/species_profile.txt
workflow/out/midasOutput/XBB_022/species/species_profile.txt
workflow/out/midasOutput/XIA_002/species/species_profile.txt
workflow/out/midasOutput/XBB_029/species/species_profile.txt
workflow/out/midasOutput/XIA_029/species/species_profile.txt
workflow/out/midasOutput/XBB_036/species/species_profile.txt
workflow/out/midasOutput/XIA_036/species/species_profile.txt
workflow/out/midasOutput/XIA_064/species/species_profile.txt
workflow/out/midasOutput/XBB_064/species/species_profile.txt
workflow/out/midasOutput/XCA_001/species/species_profile.txt
workflow/out/midasOutput/XIB_002/species/species_profile.txt
workflow/out/midasOutput/XCA_028/species/species_profile.txt
workflow/out/midasOutput/XIB_029/species/species_profile.txt
workflow/out/midasOutput/XCA_036/species/species_profile.txt
workflow/out/midasOutput/XIB_036/species/species_profile.txt
workflow/out/midasOutput/XCA_064/species/species_profile.txt
workflow/out/midasOutput/XIB_064/species/species_profile.txt
workflow/out/midasOutput/XCB_001/species/species_profile.txt
workflow/out/midasOutput/XIC_008/species/species_profile.txt
workflow/out/midasOutput/XCB_029/species/species_profile.txt
workflow/out/midasOutput/XIC_029/species/species_profile.txt
workflow/out/midasOutput/XCB_036/species/species_profile.txt
workflow/out/midasOutput/XIC_036/species/species_profile.txt
workflow/out/midasOutput/XCB_064/species/species_profile.txt
workflow/out/midasOutput/XIC_064/species/species_profile.txt
workflow/out/midasOutput/XDA_001/species/species_profile.txt
workflow/out/midasOutput/XJA_001/species/species_profile.txt
workflow/out/midasOutput/XDA_029/species/species_profile.txt
workflow/out/midasOutput/XJA_029/species/species_profile.txt
workflow/out/midasOutput/XDA_036/species/species_profile.txt
workflow/out/midasOutput/XJA_036/species/species_profile.txt
workflow/out/midasOutput/XDA_064/species/species_profile.txt
workflow/out/midasOutput/XJA_064/species/species_profile.txt
workflow/out/midasOutput/XDB_001/species/species_profile.txt
workflow/out/midasOutput/XJB_001/species/species_profile.txt
